github.com/akalinux/orderedmap v1.0.17 h1:IPibN1/Q3A7QQIL8Z2x1IaY1wGwr5+2uRnVr4TequvQ=
github.com/akalinux/orderedmap v1.0.17/go.mod h1:ICjSC5N8CPTQKjSCTDRhrmgwKAudgT8iGuRcImtzMoI=
github.com/aptible/supercronic v0.2.41 h1:BkAZ0fJ+nd8P9M+yA4/YUM2DJi1txDQZBj7YlfIv9co=
github.com/aptible/supercronic v0.2.41/go.mod h1:eCxg17hDIYvX98QoWMd0vaN+IlSuJkj+8vEmJWdbxS8=
golang.org/x/sys v0.40.0 h1:DBZZqJ2Rkml6QMQsZywtnjnnGvHza6BTfYFWY9kjEWQ=
golang.org/x/sys v0.40.0/go.mod h1:OgkHotnGiDImocRcuBABYBEXf8A9a87e/uXjp9XT3ks=
